PODS:
  - Crashlytics (3.12.0):
    - Fabric (~> 1.9.0)
  - Fabric (1.9.0)
  - LetsMove (1.24)
  - Realm (3.13.1):
    - Realm/Headers (= 3.13.1)
  - Realm/Headers (3.13.1)
  - RealmSwift (3.13.1):
    - Realm (= 3.13.1)
  - Sparkle (1.21.3)
  - TinyConstraints (3.3.1)
  - YoutubePlayer-in-WKWebView (0.2.5)

DEPENDENCIES:
  - Crashlytics
  - Fabric
  - LetsMove
  - RealmSwift
  - Sparkle
  - TinyConstraints
  - YoutubePlayer-in-WKWebView (from `https://github.com/zagahr/YoutubePlayer-in-WKWebView.git`, branch `master`)

SPEC REPOS:
  https://github.com/cocoapods/specs.git:
    - Crashlytics
    - Fabric
    - LetsMove
    - Realm
    - RealmSwift
    - Sparkle
    - TinyConstraints

EXTERNAL SOURCES:
  YoutubePlayer-in-WKWebView:
    :branch: master
    :git: https://github.com/zagahr/YoutubePlayer-in-WKWebView.git

CHECKOUT OPTIONS:
  YoutubePlayer-in-WKWebView:
    :commit: 13d0d24d03bc9d2d8760e74c9883f10f8289407f
    :git: https://github.com/zagahr/YoutubePlayer-in-WKWebView.git

SPEC CHECKSUMS:
  Crashlytics: 07fb167b1694128c1c9a5a5cc319b0e9c3ca0933
  Fabric: f988e33c97f08930a413e08123064d2e5f68d655
  LetsMove: fefe56bc7bc7fb7d37049e28a14f297961229fc5
  Realm: 50071da38fe079e0735e47c9f2eae738c68c5996
  RealmSwift: 8a1e6a02b7a08cd17a31e3115143fb69fe5f3fb9
  Sparkle: 3f75576db8b0265adef36c43249d747f22d0b708
  TinyConstraints: dbf7519aefc01ea59d62244300c7718aec68e280
  YoutubePlayer-in-WKWebView: 59b2a6157b043daf81e58e14bfc4a9c3264f6ed6

PODFILE CHECKSUM: a3497e1b0be81796c7fe19adb39cc31692a9f8f5

COCOAPODS: 1.6.0
